
Microsoft Visual Studio Solution File, Format Version 12.00
# Visual Studio Version 17
VisualStudioVersion = 17.2.32616.157
MinimumVisualStudioVersion = 10.0.40219.1
Project("{FAE04EC0-301F-11D3-BF4B-00C04F79EFBC}") = "M02A02", "M02A02\M02A02.csproj", "{DFA44409-5683-466B-B230-50D3410BD27D}"
EndProject
Project("{FAE04EC0-301F-11D3-BF4B-00C04F79EFBC}") = "M02A03", "M02A03\M02A03.csproj", "{BEDF0401-6A52-4375-BA1E-4E7F51367A27}"
EndProject
Project("{FAE04EC0-301F-11D3-BF4B-00C04F79EFBC}") = "M02A04", "M02A04\M02A04.csproj", "{2C8D7F6C-D9DE-4C42-8F3D-8339B6D1FF18}"
EndProject
Project("{FAE04EC0-301F-11D3-BF4B-00C04F79EFBC}") = "M02A09", "M02A09\M02A09.csproj", "{FE361F44-19B7-4DDB-A5CF-0187E444FC83}"
EndProject
Project("{FAE04EC0-301F-11D3-BF4B-00C04F79EFBC}") = "M02A10", "M02A10\M02A10.csproj", "{0B4842E0-98DD-444B-B650-F7EC63E634DB}"
EndProject
Project("{FAE04EC0-301F-11D3-BF4B-00C04F79EFBC}") = "M02A10B", "M02A10B\M02A10B.csproj", "{CD7D988B-AFA7-47DD-89FC-1122DB8737F9}"
EndProject
Project("{FAE04EC0-301F-11D3-BF4B-00C04F79EFBC}") = "M02A11", "M02A11\M02A11.csproj", "{DD2A65D2-DAE7-4E8E-83FE-6E0E50E55D39}"
EndProject
Project("{FAE04EC0-301F-11D3-BF4B-00C04F79EFBC}") = "M02A11B", "M02A11B\M02A11B.csproj", "{F44CED3F-7B43-4F27-ADB4-97C1BE5F478F}"
EndProject
Project("{FAE04EC0-301F-11D3-BF4B-00C04F79EFBC}") = "M02A12", "M02A12\M02A12.csproj", "{1C76A434-0537-4082-99D4-E3516774D650}"
EndProject
Project("{FAE04EC0-301F-11D3-BF4B-00C04F79EFBC}") = "M02A15", "M02A15\M02A15.csproj", "{0AA78CD0-A95A-40F6-9995-E833BA185A32}"
EndProject
Project("{FAE04EC0-301F-11D3-BF4B-00C04F79EFBC}") = "M02A16", "M02A16\M02A16.csproj", "{094F069A-AFCB-4BEA-92CB-15054FA5435D}"
EndProject
Project("{FAE04EC0-301F-11D3-BF4B-00C04F79EFBC}") = "M02A20", "M02A20\M02A20.csproj", "{CCCDEDB0-F37A-478E-9858-0058942D3D8E}"
EndProject
Project("{FAE04EC0-301F-11D3-BF4B-00C04F79EFBC}") = "CoalescenciaNula", "CoalescenciaNula\CoalescenciaNula.csproj", "{D5FE1A1F-FB35-4B9C-AFB6-22A34A8341EA}"
EndProject
Project("{FAE04EC0-301F-11D3-BF4B-00C04F79EFBC}") = "ClasseMatematica", "ClasseMatematica\ClasseMatematica.csproj", "{5B7E3AFD-FEEB-4184-B0FF-A5373EE9C9C4}"
EndProject
Project("{FAE04EC0-301F-11D3-BF4B-00C04F79EFBC}") = "AnaliseArredondamento", "AnaliseArredondamento\AnaliseArredondamento.csproj", "{5991C295-8A43-493F-955B-E2E63416C348}"
EndProject
Project("{FAE04EC0-301F-11D3-BF4B-00C04F79EFBC}") = "Arredondamento", "Arredondamento\Arredondamento.csproj", "{57EFE202-B882-4D00-8945-EB25194F4F27}"
EndProject
Global
	GlobalSection(SolutionConfigurationPlatforms) = preSolution
		Debug|Any CPU = Debug|Any CPU
		Release|Any CPU = Release|Any CPU
	EndGlobalSection
	GlobalSection(ProjectConfigurationPlatforms) = postSolution
		{DFA44409-5683-466B-B230-50D3410BD27D}.Debug|Any CPU.ActiveCfg = Debug|Any CPU
		{DFA44409-5683-466B-B230-50D3410BD27D}.Debug|Any CPU.Build.0 = Debug|Any CPU
		{DFA44409-5683-466B-B230-50D3410BD27D}.Release|Any CPU.ActiveCfg = Release|Any CPU
		{DFA44409-5683-466B-B230-50D3410BD27D}.Release|Any CPU.Build.0 = Release|Any CPU
		{BEDF0401-6A52-4375-BA1E-4E7F51367A27}.Debug|Any CPU.ActiveCfg = Debug|Any CPU
		{BEDF0401-6A52-4375-BA1E-4E7F51367A27}.Debug|Any CPU.Build.0 = Debug|Any CPU
		{BEDF0401-6A52-4375-BA1E-4E7F51367A27}.Release|Any CPU.ActiveCfg = Release|Any CPU
		{BEDF0401-6A52-4375-BA1E-4E7F51367A27}.Release|Any CPU.Build.0 = Release|Any CPU
		{2C8D7F6C-D9DE-4C42-8F3D-8339B6D1FF18}.Debug|Any CPU.ActiveCfg = Debug|Any CPU
		{2C8D7F6C-D9DE-4C42-8F3D-8339B6D1FF18}.Debug|Any CPU.Build.0 = Debug|Any CPU
		{2C8D7F6C-D9DE-4C42-8F3D-8339B6D1FF18}.Release|Any CPU.ActiveCfg = Release|Any CPU
		{2C8D7F6C-D9DE-4C42-8F3D-8339B6D1FF18}.Release|Any CPU.Build.0 = Release|Any CPU
		{FE361F44-19B7-4DDB-A5CF-0187E444FC83}.Debug|Any CPU.ActiveCfg = Debug|Any CPU
		{FE361F44-19B7-4DDB-A5CF-0187E444FC83}.Debug|Any CPU.Build.0 = Debug|Any CPU
		{FE361F44-19B7-4DDB-A5CF-0187E444FC83}.Release|Any CPU.ActiveCfg = Release|Any CPU
		{FE361F44-19B7-4DDB-A5CF-0187E444FC83}.Release|Any CPU.Build.0 = Release|Any CPU
		{0B4842E0-98DD-444B-B650-F7EC63E634DB}.Debug|Any CPU.ActiveCfg = Debug|Any CPU
		{0B4842E0-98DD-444B-B650-F7EC63E634DB}.Debug|Any CPU.Build.0 = Debug|Any CPU
		{0B4842E0-98DD-444B-B650-F7EC63E634DB}.Release|Any CPU.ActiveCfg = Release|Any CPU
		{0B4842E0-98DD-444B-B650-F7EC63E634DB}.Release|Any CPU.Build.0 = Release|Any CPU
		{CD7D988B-AFA7-47DD-89FC-1122DB8737F9}.Debug|Any CPU.ActiveCfg = Debug|Any CPU
		{CD7D988B-AFA7-47DD-89FC-1122DB8737F9}.Debug|Any CPU.Build.0 = Debug|Any CPU
		{CD7D988B-AFA7-47DD-89FC-1122DB8737F9}.Release|Any CPU.ActiveCfg = Release|Any CPU
		{CD7D988B-AFA7-47DD-89FC-1122DB8737F9}.Release|Any CPU.Build.0 = Release|Any CPU
		{DD2A65D2-DAE7-4E8E-83FE-6E0E50E55D39}.Debug|Any CPU.ActiveCfg = Debug|Any CPU
		{DD2A65D2-DAE7-4E8E-83FE-6E0E50E55D39}.Debug|Any CPU.Build.0 = Debug|Any CPU
		{DD2A65D2-DAE7-4E8E-83FE-6E0E50E55D39}.Release|Any CPU.ActiveCfg = Release|Any CPU
		{DD2A65D2-DAE7-4E8E-83FE-6E0E50E55D39}.Release|Any CPU.Build.0 = Release|Any CPU
		{F44CED3F-7B43-4F27-ADB4-97C1BE5F478F}.Debug|Any CPU.ActiveCfg = Debug|Any CPU
		{F44CED3F-7B43-4F27-ADB4-97C1BE5F478F}.Debug|Any CPU.Build.0 = Debug|Any CPU
		{F44CED3F-7B43-4F27-ADB4-97C1BE5F478F}.Release|Any CPU.ActiveCfg = Release|Any CPU
		{F44CED3F-7B43-4F27-ADB4-97C1BE5F478F}.Release|Any CPU.Build.0 = Release|Any CPU
		{1C76A434-0537-4082-99D4-E3516774D650}.Debug|Any CPU.ActiveCfg = Debug|Any CPU
		{1C76A434-0537-4082-99D4-E3516774D650}.Debug|Any CPU.Build.0 = Debug|Any CPU
		{1C76A434-0537-4082-99D4-E3516774D650}.Release|Any CPU.ActiveCfg = Release|Any CPU
		{1C76A434-0537-4082-99D4-E3516774D650}.Release|Any CPU.Build.0 = Release|Any CPU
		{0AA78CD0-A95A-40F6-9995-E833BA185A32}.Debug|Any CPU.ActiveCfg = Debug|Any CPU
		{0AA78CD0-A95A-40F6-9995-E833BA185A32}.Debug|Any CPU.Build.0 = Debug|Any CPU
		{0AA78CD0-A95A-40F6-9995-E833BA185A32}.Release|Any CPU.ActiveCfg = Release|Any CPU
		{0AA78CD0-A95A-40F6-9995-E833BA185A32}.Release|Any CPU.Build.0 = Release|Any CPU
		{094F069A-AFCB-4BEA-92CB-15054FA5435D}.Debug|Any CPU.ActiveCfg = Debug|Any CPU
		{094F069A-AFCB-4BEA-92CB-15054FA5435D}.Debug|Any CPU.Build.0 = Debug|Any CPU
		{094F069A-AFCB-4BEA-92CB-15054FA5435D}.Release|Any CPU.ActiveCfg = Release|Any CPU
		{094F069A-AFCB-4BEA-92CB-15054FA5435D}.Release|Any CPU.Build.0 = Release|Any CPU
		{CCCDEDB0-F37A-478E-9858-0058942D3D8E}.Debug|Any CPU.ActiveCfg = Debug|Any CPU
		{CCCDEDB0-F37A-478E-9858-0058942D3D8E}.Debug|Any CPU.Build.0 = Debug|Any CPU
		{CCCDEDB0-F37A-478E-9858-0058942D3D8E}.Release|Any CPU.ActiveCfg = Release|Any CPU
		{CCCDEDB0-F37A-478E-9858-0058942D3D8E}.Release|Any CPU.Build.0 = Release|Any CPU
		{D5FE1A1F-FB35-4B9C-AFB6-22A34A8341EA}.Debug|Any CPU.ActiveCfg = Debug|Any CPU
		{D5FE1A1F-FB35-4B9C-AFB6-22A34A8341EA}.Debug|Any CPU.Build.0 = Debug|Any CPU
		{D5FE1A1F-FB35-4B9C-AFB6-22A34A8341EA}.Release|Any CPU.ActiveCfg = Release|Any CPU
		{D5FE1A1F-FB35-4B9C-AFB6-22A34A8341EA}.Release|Any CPU.Build.0 = Release|Any CPU
		{5B7E3AFD-FEEB-4184-B0FF-A5373EE9C9C4}.Debug|Any CPU.ActiveCfg = Debug|Any CPU
		{5B7E3AFD-FEEB-4184-B0FF-A5373EE9C9C4}.Debug|Any CPU.Build.0 = Debug|Any CPU
		{5B7E3AFD-FEEB-4184-B0FF-A5373EE9C9C4}.Release|Any CPU.ActiveCfg = Release|Any CPU
		{5B7E3AFD-FEEB-4184-B0FF-A5373EE9C9C4}.Release|Any CPU.Build.0 = Release|Any CPU
		{5991C295-8A43-493F-955B-E2E63416C348}.Debug|Any CPU.ActiveCfg = Debug|Any CPU
		{5991C295-8A43-493F-955B-E2E63416C348}.Debug|Any CPU.Build.0 = Debug|Any CPU
		{5991C295-8A43-493F-955B-E2E63416C348}.Release|Any CPU.ActiveCfg = Release|Any CPU
		{5991C295-8A43-493F-955B-E2E63416C348}.Release|Any CPU.Build.0 = Release|Any CPU
		{57EFE202-B882-4D00-8945-EB25194F4F27}.Debug|Any CPU.ActiveCfg = Debug|Any CPU
		{57EFE202-B882-4D00-8945-EB25194F4F27}.Debug|Any CPU.Build.0 = Debug|Any CPU
		{57EFE202-B882-4D00-8945-EB25194F4F27}.Release|Any CPU.ActiveCfg = Release|Any CPU
		{57EFE202-B882-4D00-8945-EB25194F4F27}.Release|Any CPU.Build.0 = Release|Any CPU
	EndGlobalSection
	GlobalSection(SolutionProperties) = preSolution
		HideSolutionNode = FALSE
	EndGlobalSection
	GlobalSection(ExtensibilityGlobals) = postSolution
		SolutionGuid = {40721A66-D5F1-4D4C-9DEC-D123E51213E6}
	EndGlobalSection
EndGlobal
